
Microsoft Visual Studio Solution File, Format Version 12.00
# Visual Studio Version 17
VisualStudioVersion = 17.1.32210.238
MinimumVisualStudioVersion = 10.0.40219.1
Project("{8BC9CEB8-8B4A-11D0-8D11-00A0C91BC942}") = "20 03 22", "20 03 22\20 03 22.vcxproj", "{2C05A8B6-4112-4F29-88A2-54228A0D32AD}"
EndProject
Global
	GlobalSection(SolutionConfigurationPlatforms) = preSolution
		Debug|x64 = Debug|x64
		Debug|x86 = Debug|x86
		Release|x64 = Release|x64
		Release|x86 = Release|x86
	EndGlobalSection
	GlobalSection(ProjectConfigurationPlatforms) = postSolution
		{2C05A8B6-4112-4F29-88A2-54228A0D32AD}.Debug|x64.ActiveCfg = Debug|x64
		{2C05A8B6-4112-4F29-88A2-54228A0D32AD}.Debug|x64.Build.0 = Debug|x64
		{2C05A8B6-4112-4F29-88A2-54228A0D32AD}.Debug|x86.ActiveCfg = Debug|Win32
		{2C05A8B6-4112-4F29-88A2-54228A0D32AD}.Debug|x86.Build.0 = Debug|Win32
		{2C05A8B6-4112-4F29-88A2-54228A0D32AD}.Release|x64.ActiveCfg = Release|x64
		{2C05A8B6-4112-4F29-88A2-54228A0D32AD}.Release|x64.Build.0 = Release|x64
		{2C05A8B6-4112-4F29-88A2-54228A0D32AD}.Release|x86.ActiveCfg = Release|Win32
		{2C05A8B6-4112-4F29-88A2-54228A0D32AD}.Release|x86.Build.0 = Release|Win32
	EndGlobalSection
	GlobalSection(SolutionProperties) = preSolution
		HideSolutionNode = FALSE
	EndGlobalSection
	GlobalSection(ExtensibilityGlobals) = postSolution
		SolutionGuid = {A615D3F3-B353-4293-BC33-8697B26C8A3C}
	EndGlobalSection
EndGlobal
